schema: '2.0'
stages:
  input_sample_lists:
    cmd: python input_lists.py configs/MIAOD-GRAY.py --work_directory work_dirs/test
      --labeled /mnt/beegfs/HDC/data/tomography_data/tiled_annotations//training.txt
      --unlabeled /mnt/beegfs/HDC/data/tomography_data/tiled_annotations//unlabeled.txt
      --seed 123 --train /mnt/beegfs/HDC/data/tomography_data/tiled_annotations//train.txt
      --selected work_dirs/test/X_L_1.npy --unselected work_dirs/test/X_U_1.npy
    deps:
    - path: /mnt/beegfs/HDC/data/tomography_data/tiled_annotations//training.txt
      md5: e2a7518d3c1cbf84354e7f821bafd324
      size: 123080
    - path: /mnt/beegfs/HDC/data/tomography_data/tiled_annotations//unlabeled.txt
      md5: 2fe434bc0b83d4850b9cf497a7c970db
      size: 55985000
    params:
      al_cycle.json:
        al_cycle: 1
        al_seed: 123
      configs/MIAOD-GRAY.py:
        data_root: /mnt/beegfs/HDC/data/tomography_data/tiled_annotations/
    outs:
    - path: /mnt/beegfs/HDC/data/tomography_data/tiled_annotations//train.txt
      md5: 0d7ac77d53301e93e56b484de196d6c6
      size: 56108080
    - path: work_dirs/test/X_L_1.npy
      md5: 55f41e96297ee807329fa77f0219b4ba
      size: 98592
    - path: work_dirs/test/X_U_1.npy
      md5: 6a24fb609382ac8cdc2579f4637c168b
      size: 98592
