schema: '2.0'
stages:
  initial_selection:
    cmd: python initial_select.py configs/MIAOD-GRAY.py --work_directory work_dirs/test
      --labeled_next work_dirs/test/X_L_0.npy --unselected work_dirs/test/X_U_0.npy
  active_learning_training@0:
    cmd: python cycle_train.py configs/MIAOD-GRAY.py --work_directory work_dirs/test
      --cycle 0 --labeled work_dirs/test/X_L_0.npy --unselected work_dirs/test/X_U_0.npy
      --model work_dirs/test/cycle_0.pth
    deps:
    - path: work_dirs/test/X_L_0.npy
      md5: 1bdb5995455bac6d5bad54740d197876
      size: 97328
    - path: work_dirs/test/X_U_0.npy
      md5: e44f4ad4c5da07e70744ad8e6b1eb2b7
      size: 97328
    outs:
    - path: work_dirs/test/cycle_0.pth
      md5: a25e9e2f2642dfd5fc45b15a880ff140
      size: 164970901
  active_learning_selection@0:
    cmd: python cycle_select.py configs/MIAOD-GRAY.py --work_directory work_dirs/test
      --cycle 0 --model work_dirs/test/cycle_0.pth --labeled work_dirs/test/X_L_0.npy
      --labeled_next work_dirs/test/X_L_1.npy --unselected work_dirs/test/X_U_1.npy
    deps:
    - path: work_dirs/test/X_L_0.npy
      md5: 088666589d3625036b70773f975c4a95
      size: 4112
    - path: work_dirs/test/cycle_0.pth
      md5: 2433fe09dc611c64a1cb1fb62cc34344
      size: 164970901
    outs:
    - path: work_dirs/test/X_L_1.npy
      md5: 3cb2464f4e42302a34971c590d62129b
      size: 6104
    - path: work_dirs/test/X_U_1.npy
      md5: 2a484e1d7b79b0b0d199e19e74d758ea
      size: 6104
  active_learning_training@1:
    cmd: python cycle_train.py configs/MIAOD-GRAY.py --work_directory work_dirs/test
      --cycle 1 --labeled work_dirs/test/X_L_1.npy --unselected work_dirs/test/X_U_1.npy
      --model work_dirs/test/cycle_1.pth
    deps:
    - path: work_dirs/test/X_L_1.npy
      md5: 3cb2464f4e42302a34971c590d62129b
      size: 6104
    - path: work_dirs/test/X_U_1.npy
      md5: 2a484e1d7b79b0b0d199e19e74d758ea
      size: 6104
    outs:
    - path: work_dirs/test/cycle_1.pth
      md5: d23e6f1f0d0dda2fd0d2b4d03e282293
      size: 164970901
  active_learning_selection@1:
    cmd: python cycle_select.py configs/MIAOD-GRAY.py --work_directory work_dirs/test
      --cycle 1 --model work_dirs/test/cycle_1.pth --labeled work_dirs/test/X_L_1.npy
      --labeled_next work_dirs/test/X_L_2.npy --unselected work_dirs/test/X_U_2.npy
    deps:
    - path: work_dirs/test/X_L_1.npy
      md5: 3cb2464f4e42302a34971c590d62129b
      size: 6104
    - path: work_dirs/test/cycle_1.pth
      md5: d23e6f1f0d0dda2fd0d2b4d03e282293
      size: 164970901
    outs:
    - path: work_dirs/test/X_L_2.npy
      md5: ac4d646bad5fc3f9451f27992a9b1348
      size: 8096
    - path: work_dirs/test/X_U_2.npy
      md5: 20b9825f2f3a54e536b5bfe9f338e989
      size: 8096
  active_learning_training@2:
    cmd: python cycle_train.py configs/MIAOD-GRAY.py --work_directory work_dirs/test
      --cycle 2 --labeled work_dirs/test/X_L_2.npy --unselected work_dirs/test/X_U_2.npy
      --model work_dirs/test/cycle_2.pth
    deps:
    - path: work_dirs/test/X_L_2.npy
      md5: ac4d646bad5fc3f9451f27992a9b1348
      size: 8096
    - path: work_dirs/test/X_U_2.npy
      md5: 20b9825f2f3a54e536b5bfe9f338e989
      size: 8096
    outs:
    - path: work_dirs/test/cycle_2.pth
      md5: 772f14bad2f49dae4b404e65fed22220
      size: 164970901
  active_learning_selection@2:
    cmd: python cycle_select.py configs/MIAOD-GRAY.py --work_directory work_dirs/test
      --cycle 2 --model work_dirs/test/cycle_2.pth --labeled work_dirs/test/X_L_2.npy
      --labeled_next work_dirs/test/X_L_3.npy --unselected work_dirs/test/X_U_3.npy
    deps:
    - path: work_dirs/test/X_L_2.npy
      md5: ac4d646bad5fc3f9451f27992a9b1348
      size: 8096
    - path: work_dirs/test/cycle_2.pth
      md5: 772f14bad2f49dae4b404e65fed22220
      size: 164970901
    outs:
    - path: work_dirs/test/X_L_3.npy
      md5: b2371377136bccfb36094fe9c3814559
      size: 10088
    - path: work_dirs/test/X_U_3.npy
      md5: 5577af0806a86a4f82097ea7e5898e5d
      size: 10088
  active_learning_training@3:
    cmd: python cycle_train.py configs/MIAOD-GRAY.py --work_directory work_dirs/test
      --cycle 3 --labeled work_dirs/test/X_L_3.npy --unselected work_dirs/test/X_U_3.npy
      --model work_dirs/test/cycle_3.pth
    deps:
    - path: work_dirs/test/X_L_3.npy
      md5: b2371377136bccfb36094fe9c3814559
      size: 10088
    - path: work_dirs/test/X_U_3.npy
      md5: 5577af0806a86a4f82097ea7e5898e5d
      size: 10088
    outs:
    - path: work_dirs/test/cycle_3.pth
      md5: 94cda304046023f80348ed1329e571c8
      size: 164970901
  active_learning_selection@3:
    cmd: python cycle_select.py configs/MIAOD-GRAY.py --work_directory work_dirs/test
      --cycle 3 --model work_dirs/test/cycle_3.pth --labeled work_dirs/test/X_L_3.npy
      --labeled_next work_dirs/test/X_L_4.npy --unselected work_dirs/test/X_U_4.npy
    deps:
    - path: work_dirs/test/X_L_3.npy
      md5: b2371377136bccfb36094fe9c3814559
      size: 10088
    - path: work_dirs/test/cycle_3.pth
      md5: 94cda304046023f80348ed1329e571c8
      size: 164970901
    outs:
    - path: work_dirs/test/X_L_4.npy
      md5: 0e915a08f913e79112d7304a828980bd
      size: 12080
    - path: work_dirs/test/X_U_4.npy
      md5: 60081608cee2956535d146c97b194cf6
      size: 12080
  active_learning_training@4:
    cmd: python cycle_train.py configs/MIAOD-GRAY.py --work_directory work_dirs/test
      --cycle 4 --labeled work_dirs/test/X_L_4.npy --unselected work_dirs/test/X_U_4.npy
      --model work_dirs/test/cycle_4.pth
    deps:
    - path: work_dirs/test/X_L_4.npy
      md5: 0e915a08f913e79112d7304a828980bd
      size: 12080
    - path: work_dirs/test/X_U_4.npy
      md5: 60081608cee2956535d146c97b194cf6
      size: 12080
    outs:
    - path: work_dirs/test/cycle_4.pth
      md5: 0ac0eb19c87b4e4b07818b94b6369fce
      size: 164970901
  active_learning_selection@4:
    cmd: python cycle_select.py configs/MIAOD-GRAY.py --work_directory work_dirs/test
      --cycle 4 --model work_dirs/test/cycle_4.pth --labeled work_dirs/test/X_L_4.npy
      --labeled_next work_dirs/test/X_L_5.npy --unselected work_dirs/test/X_U_5.npy
    deps:
    - path: work_dirs/test/X_L_4.npy
      md5: 0e915a08f913e79112d7304a828980bd
      size: 12080
    - path: work_dirs/test/cycle_4.pth
      md5: 0ac0eb19c87b4e4b07818b94b6369fce
      size: 164970901
    outs:
    - path: work_dirs/test/X_L_5.npy
      md5: 5eadc04f2561404ba2028361015327bb
      size: 14072
    - path: work_dirs/test/X_U_5.npy
      md5: 30e0df67683dd525d8c81e47cd1470f2
      size: 14072
  active_learning_training@5:
    cmd: python cycle_train.py configs/MIAOD-GRAY.py --work_directory work_dirs/test
      --cycle 5 --labeled work_dirs/test/X_L_5.npy --unselected work_dirs/test/X_U_5.npy
      --model work_dirs/test/cycle_5.pth
    deps:
    - path: work_dirs/test/X_L_5.npy
      md5: 5eadc04f2561404ba2028361015327bb
      size: 14072
    - path: work_dirs/test/X_U_5.npy
      md5: 30e0df67683dd525d8c81e47cd1470f2
      size: 14072
    outs:
    - path: work_dirs/test/cycle_5.pth
      md5: bd8401ee5d06c3a46a599e445accd7b6
      size: 164970901
  active_learning_selection@5:
    cmd: python cycle_select.py configs/MIAOD-GRAY.py --work_directory work_dirs/test
      --cycle 5 --model work_dirs/test/cycle_5.pth --labeled work_dirs/test/X_L_5.npy
      --labeled_next work_dirs/test/X_L_6.npy --unselected work_dirs/test/X_U_6.npy
    deps:
    - path: work_dirs/test/X_L_5.npy
      md5: 5eadc04f2561404ba2028361015327bb
      size: 14072
    - path: work_dirs/test/cycle_5.pth
      md5: bd8401ee5d06c3a46a599e445accd7b6
      size: 164970901
    outs:
    - path: work_dirs/test/X_L_6.npy
      md5: 0e7c4857df9766920e3f659621af5f67
      size: 16064
    - path: work_dirs/test/X_U_6.npy
      md5: d72b3abdc4c57c9cec2257d99742c24b
      size: 16064
  active_learning_training@6:
    cmd: python cycle_train.py configs/MIAOD-GRAY.py --work_directory work_dirs/test
      --cycle 6 --labeled work_dirs/test/X_L_6.npy --unselected work_dirs/test/X_U_6.npy
      --model work_dirs/test/cycle_6.pth
    deps:
    - path: work_dirs/test/X_L_6.npy
      md5: 0e7c4857df9766920e3f659621af5f67
      size: 16064
    - path: work_dirs/test/X_U_6.npy
      md5: d72b3abdc4c57c9cec2257d99742c24b
      size: 16064
    outs:
    - path: work_dirs/test/cycle_6.pth
      md5: 5f6c7ab04bca0158e8a03e4e18e956ec
      size: 164970901
  active_learning_selection@6:
    cmd: python cycle_select.py configs/MIAOD-GRAY.py --work_directory work_dirs/test
      --cycle 6 --model work_dirs/test/cycle_6.pth --labeled work_dirs/test/X_L_6.npy
      --labeled_next work_dirs/test/X_L_7.npy --unselected work_dirs/test/X_U_7.npy
    deps:
    - path: work_dirs/test/X_L_6.npy
      md5: 0e7c4857df9766920e3f659621af5f67
      size: 16064
    - path: work_dirs/test/cycle_6.pth
      md5: 5f6c7ab04bca0158e8a03e4e18e956ec
      size: 164970901
    outs:
    - path: work_dirs/test/X_L_7.npy
      md5: 8915f632cc59ecf060a24352fffeea42
      size: 18056
    - path: work_dirs/test/X_U_7.npy
      md5: 18458838e244ab34e049265f7f0edcce
      size: 18056
  active_learning_training@7:
    cmd: python cycle_train.py configs/MIAOD-GRAY.py --work_directory work_dirs/test
      --cycle 7 --labeled work_dirs/test/X_L_7.npy --unselected work_dirs/test/X_U_7.npy
      --model work_dirs/test/cycle_7.pth
    deps:
    - path: work_dirs/test/X_L_7.npy
      md5: 8915f632cc59ecf060a24352fffeea42
      size: 18056
    - path: work_dirs/test/X_U_7.npy
      md5: 18458838e244ab34e049265f7f0edcce
      size: 18056
    outs:
    - path: work_dirs/test/cycle_7.pth
      md5: 7a7c7e5972250f71b7a751cde8efce72
      size: 164970901
  active_learning_selection@7:
    cmd: python cycle_select.py configs/MIAOD-GRAY.py --work_directory work_dirs/test
      --cycle 7 --model work_dirs/test/cycle_7.pth --labeled work_dirs/test/X_L_7.npy
      --labeled_next work_dirs/test/X_L_8.npy --unselected work_dirs/test/X_U_8.npy
    deps:
    - path: work_dirs/test/X_L_7.npy
      md5: 8915f632cc59ecf060a24352fffeea42
      size: 18056
    - path: work_dirs/test/cycle_7.pth
      md5: 7a7c7e5972250f71b7a751cde8efce72
      size: 164970901
    outs:
    - path: work_dirs/test/X_L_8.npy
      md5: 9b20cfe86ff6ccda22a802044ca80e17
      size: 20048
    - path: work_dirs/test/X_U_8.npy
      md5: b70bddf07f0a225b314f4269eb4b4888
      size: 20048
  active_learning_training@8:
    cmd: python cycle_train.py configs/MIAOD-GRAY.py --work_directory work_dirs/test
      --cycle 8 --labeled work_dirs/test/X_L_8.npy --unselected work_dirs/test/X_U_8.npy
      --model work_dirs/test/cycle_8.pth
    deps:
    - path: work_dirs/test/X_L_8.npy
      md5: 9b20cfe86ff6ccda22a802044ca80e17
      size: 20048
    - path: work_dirs/test/X_U_8.npy
      md5: b70bddf07f0a225b314f4269eb4b4888
      size: 20048
    outs:
    - path: work_dirs/test/cycle_8.pth
      md5: c5e1476ba4b34c980583ec704b4813f1
      size: 164970901
  active_learning_selection@8:
    cmd: python cycle_select.py configs/MIAOD-GRAY.py --work_directory work_dirs/test
      --cycle 8 --model work_dirs/test/cycle_8.pth --labeled work_dirs/test/X_L_8.npy
      --labeled_next work_dirs/test/X_L_9.npy --unselected work_dirs/test/X_U_9.npy
    deps:
    - path: work_dirs/test/X_L_8.npy
      md5: 9b20cfe86ff6ccda22a802044ca80e17
      size: 20048
    - path: work_dirs/test/cycle_8.pth
      md5: c5e1476ba4b34c980583ec704b4813f1
      size: 164970901
    outs:
    - path: work_dirs/test/X_L_9.npy
      md5: eec14a87bfb759f0a59b3c1747d28a38
      size: 22040
    - path: work_dirs/test/X_U_9.npy
      md5: c4beb0c042e48aab8a49caa06c18872d
      size: 22040
  active_learning_training@9:
    cmd: python cycle_train.py configs/MIAOD-GRAY.py --work_directory work_dirs/test
      --cycle 9 --labeled work_dirs/test/X_L_9.npy --unselected work_dirs/test/X_U_9.npy
      --model work_dirs/test/cycle_9.pth
    deps:
    - path: work_dirs/test/X_L_9.npy
      md5: eec14a87bfb759f0a59b3c1747d28a38
      size: 22040
    - path: work_dirs/test/X_U_9.npy
      md5: c4beb0c042e48aab8a49caa06c18872d
      size: 22040
    outs:
    - path: work_dirs/test/cycle_9.pth
      md5: 457d66a14da3af27ff669dda207593db
      size: 164970901
  active_learning_selection@9:
    cmd: python cycle_select.py configs/MIAOD-GRAY.py --work_directory work_dirs/test
      --cycle 9 --model work_dirs/test/cycle_9.pth --labeled work_dirs/test/X_L_9.npy
      --labeled_next work_dirs/test/X_L_10.npy --unselected work_dirs/test/X_U_10.npy
    deps:
    - path: work_dirs/test/X_L_9.npy
      md5: eec14a87bfb759f0a59b3c1747d28a38
      size: 22040
    - path: work_dirs/test/cycle_9.pth
      md5: 457d66a14da3af27ff669dda207593db
      size: 164970901
    outs:
    - path: work_dirs/test/X_L_10.npy
      md5: 629870932a4c1d6158b54e358cd779dc
      size: 24032
    - path: work_dirs/test/X_U_10.npy
      md5: 7cf1ff9f74656b9413ab2d5fe210fbfd
      size: 24032
