schema: '2.0'
stages:
  initial_selection:
    cmd: python initial_select.py configs/MIAOD-GRAY.py --work_directory work_dirs/test
      --labeled_next work_dirs/test/X_L_0.npy --unselected work_dirs/test/X_U_0.npy
    deps:
    - path: configs/MIAOD-GRAY.py
      md5: 3d870f791f15fb79e768564adb52d53b
      size: 2594
    outs:
    - path: work_dirs/test/X_L_0.npy
      md5: 44afd6555cedd7f8364c6d86997823dd
      size: 4128
    - path: work_dirs/test/X_U_0.npy
      md5: 87acd83594ce5c3be89fcc4bfa04e016
      size: 4128
  active_learning_training@0:
    cmd: python -m torch.distributed.launch --nproc_per_node=2 --master_port=39025
      cycle_train.py configs/MIAOD-GRAY.py --work_directory work_dirs/test --cycle
      0 --labeled work_dirs/test/X_L_0.npy --unselected work_dirs/test/X_U_0.npy --model
      work_dirs/test/cycle_0.pth --gpus 2 --launcher pytorch
    deps:
    - path: work_dirs/test/X_L_0.npy
      md5: 44afd6555cedd7f8364c6d86997823dd
      size: 4128
    - path: work_dirs/test/X_U_0.npy
      md5: 87acd83594ce5c3be89fcc4bfa04e016
      size: 4128
    outs:
    - path: work_dirs/test/cycle_0.pth
      md5: 642bc1018308f48854a6ebd45572ba22
      size: 164713557
  active_learning_selection@0:
    cmd: python -m torch.distributed.launch --nproc_per_node=2 --master_port=39016  cycle_select.py
      configs/MIAOD-GRAY.py --work_directory work_dirs/test --cycle 0 --model work_dirs/test/cycle_0.pth
      --labeled work_dirs/test/X_L_0.npy --labeled_next work_dirs/test/X_L_1.npy --unselected
      work_dirs/test/X_U_1.npy --bbox_output work_dirs/test/labeling_hints_1.txt --gpus
      2 --launcher pytorch
    deps:
    - path: work_dirs/test/X_L_0.npy
      md5: 44afd6555cedd7f8364c6d86997823dd
      size: 4128
    - path: work_dirs/test/cycle_0.pth
      md5: 642bc1018308f48854a6ebd45572ba22
      size: 164713557
    outs:
    - path: work_dirs/test/X_L_1.npy
      md5: e1a9ec3287d267151afeb5b114506c91
      size: 4528
    - path: work_dirs/test/X_U_1.npy
      md5: 4eda29dcffd78ae16023847cd137d3af
      size: 4528
  active_learning_training@1:
    cmd: python -m torch.distributed.launch --nproc_per_node=2 --master_port=39025
      cycle_train.py configs/MIAOD-GRAY.py --work_directory work_dirs/test --cycle
      1 --labeled work_dirs/test/X_L_1.npy --unselected work_dirs/test/X_U_1.npy --model
      work_dirs/test/cycle_1.pth --gpus 2 --launcher pytorch
    deps:
    - path: work_dirs/test/X_L_1.npy
      md5: e1a9ec3287d267151afeb5b114506c91
      size: 4528
    - path: work_dirs/test/X_U_1.npy
      md5: 4eda29dcffd78ae16023847cd137d3af
      size: 4528
    outs:
    - path: work_dirs/test/cycle_1.pth
      md5: 5aa6d821eae90e01b4671b92b46603e7
      size: 164713557
  active_learning_selection@1:
    cmd: python -m torch.distributed.launch --nproc_per_node=2 --master_port=39016  cycle_select.py
      configs/MIAOD-GRAY.py --work_directory work_dirs/test --cycle 1 --model work_dirs/test/cycle_1.pth
      --labeled work_dirs/test/X_L_1.npy --labeled_next work_dirs/test/X_L_2.npy --unselected
      work_dirs/test/X_U_2.npy --bbox_output work_dirs/test/labeling_hints_2.txt --gpus
      2 --launcher pytorch
    deps:
    - path: work_dirs/test/X_L_1.npy
      md5: e1a9ec3287d267151afeb5b114506c91
      size: 4528
    - path: work_dirs/test/cycle_1.pth
      md5: 5aa6d821eae90e01b4671b92b46603e7
      size: 164713557
    outs:
    - path: work_dirs/test/X_L_2.npy
      md5: 7639c24265a7f2cc37d1f290dce6f337
      size: 4928
    - path: work_dirs/test/X_U_2.npy
      md5: b126c5065ebff5379c59cc17634d0f09
      size: 4928
  active_learning_training@2:
    cmd: python -m torch.distributed.launch --nproc_per_node=2 --master_port=39025
      cycle_train.py configs/MIAOD-GRAY.py --work_directory work_dirs/test --cycle
      2 --labeled work_dirs/test/X_L_2.npy --unselected work_dirs/test/X_U_2.npy --model
      work_dirs/test/cycle_2.pth --gpus 2 --launcher pytorch
    deps:
    - path: work_dirs/test/X_L_2.npy
      md5: 7639c24265a7f2cc37d1f290dce6f337
      size: 4928
    - path: work_dirs/test/X_U_2.npy
      md5: b126c5065ebff5379c59cc17634d0f09
      size: 4928
    outs:
    - path: work_dirs/test/cycle_2.pth
      md5: 94d89d45b2f37a974cc091f855a664cd
      size: 164713557
  active_learning_selection@2:
    cmd: python -m torch.distributed.launch --nproc_per_node=2 --master_port=39016  cycle_select.py
      configs/MIAOD-GRAY.py --work_directory work_dirs/test --cycle 2 --model work_dirs/test/cycle_2.pth
      --labeled work_dirs/test/X_L_2.npy --labeled_next work_dirs/test/X_L_3.npy --unselected
      work_dirs/test/X_U_3.npy --bbox_output work_dirs/test/labeling_hints_3.txt --gpus
      2 --launcher pytorch
    deps:
    - path: work_dirs/test/X_L_2.npy
      md5: 7639c24265a7f2cc37d1f290dce6f337
      size: 4928
    - path: work_dirs/test/cycle_2.pth
      md5: 94d89d45b2f37a974cc091f855a664cd
      size: 164713557
    outs:
    - path: work_dirs/test/X_L_3.npy
      md5: 867de2abc7c0df7810905a44907995ab
      size: 5328
    - path: work_dirs/test/X_U_3.npy
      md5: 136a86c05c5254135f59572a005a195e
      size: 5328
  active_learning_training@3:
    cmd: python -m torch.distributed.launch --nproc_per_node=2 --master_port=39025
      cycle_train.py configs/MIAOD-GRAY.py --work_directory work_dirs/test --cycle
      3 --labeled work_dirs/test/X_L_3.npy --unselected work_dirs/test/X_U_3.npy --model
      work_dirs/test/cycle_3.pth --gpus 2 --launcher pytorch
    deps:
    - path: work_dirs/test/X_L_3.npy
      md5: 867de2abc7c0df7810905a44907995ab
      size: 5328
    - path: work_dirs/test/X_U_3.npy
      md5: 136a86c05c5254135f59572a005a195e
      size: 5328
    outs:
    - path: work_dirs/test/cycle_3.pth
      md5: c7aa00da37f7b93b119eed11a01e66ba
      size: 164713557
  active_learning_selection@3:
    cmd: python -m torch.distributed.launch --nproc_per_node=2 --master_port=39016  cycle_select.py
      configs/MIAOD-GRAY.py --work_directory work_dirs/test --cycle 3 --model work_dirs/test/cycle_3.pth
      --labeled work_dirs/test/X_L_3.npy --labeled_next work_dirs/test/X_L_4.npy --unselected
      work_dirs/test/X_U_4.npy --bbox_output work_dirs/test/labeling_hints_4.txt --gpus
      2 --launcher pytorch
    deps:
    - path: work_dirs/test/X_L_3.npy
      md5: 867de2abc7c0df7810905a44907995ab
      size: 5328
    - path: work_dirs/test/cycle_3.pth
      md5: c7aa00da37f7b93b119eed11a01e66ba
      size: 164713557
    outs:
    - path: work_dirs/test/X_L_4.npy
      md5: 9b2d4db645238a63a50dc5166601cedb
      size: 5728
    - path: work_dirs/test/X_U_4.npy
      md5: 6d43fdeaabca7ccee9501bdb12f2878f
      size: 5728
  active_learning_training@4:
    cmd: python -m torch.distributed.launch --nproc_per_node=2 --master_port=39025
      cycle_train.py configs/MIAOD-GRAY.py --work_directory work_dirs/test --cycle
      4 --labeled work_dirs/test/X_L_4.npy --unselected work_dirs/test/X_U_4.npy --model
      work_dirs/test/cycle_4.pth --gpus 2 --launcher pytorch
    deps:
    - path: work_dirs/test/X_L_4.npy
      md5: 9b2d4db645238a63a50dc5166601cedb
      size: 5728
    - path: work_dirs/test/X_U_4.npy
      md5: 6d43fdeaabca7ccee9501bdb12f2878f
      size: 5728
    outs:
    - path: work_dirs/test/cycle_4.pth
      md5: 60e6379fb2eb1d89f2b7665c0c9117fa
      size: 164713557
  active_learning_selection@4:
    cmd: python -m torch.distributed.launch --nproc_per_node=2 --master_port=39016  cycle_select.py
      configs/MIAOD-GRAY.py --work_directory work_dirs/test --cycle 4 --model work_dirs/test/cycle_4.pth
      --labeled work_dirs/test/X_L_4.npy --labeled_next work_dirs/test/X_L_5.npy --unselected
      work_dirs/test/X_U_5.npy --bbox_output work_dirs/test/labeling_hints_5.txt --gpus
      2 --launcher pytorch
    deps:
    - path: work_dirs/test/X_L_4.npy
      md5: 9b2d4db645238a63a50dc5166601cedb
      size: 5728
    - path: work_dirs/test/cycle_4.pth
      md5: 60e6379fb2eb1d89f2b7665c0c9117fa
      size: 164713557
    outs:
    - path: work_dirs/test/X_L_5.npy
      md5: d5466e068045aaf166f2388e3e63be6e
      size: 6128
    - path: work_dirs/test/X_U_5.npy
      md5: a16e268fbfe09936c2b025eedf94bfaf
      size: 6128
  active_learning_training@5:
    cmd: python -m torch.distributed.launch --nproc_per_node=2 --master_port=39025
      cycle_train.py configs/MIAOD-GRAY.py --work_directory work_dirs/test --cycle
      5 --labeled work_dirs/test/X_L_5.npy --unselected work_dirs/test/X_U_5.npy --model
      work_dirs/test/cycle_5.pth --gpus 2 --launcher pytorch
    deps:
    - path: work_dirs/test/X_L_5.npy
      md5: d5466e068045aaf166f2388e3e63be6e
      size: 6128
    - path: work_dirs/test/X_U_5.npy
      md5: a16e268fbfe09936c2b025eedf94bfaf
      size: 6128
    outs:
    - path: work_dirs/test/cycle_5.pth
      md5: 229b47091f96aac2a231abbfb385973b
      size: 164713557
  active_learning_selection@5:
    cmd: python -m torch.distributed.launch --nproc_per_node=2 --master_port=39016  cycle_select.py
      configs/MIAOD-GRAY.py --work_directory work_dirs/test --cycle 5 --model work_dirs/test/cycle_5.pth
      --labeled work_dirs/test/X_L_5.npy --labeled_next work_dirs/test/X_L_6.npy --unselected
      work_dirs/test/X_U_6.npy --bbox_output work_dirs/test/labeling_hints_6.txt --gpus
      2 --launcher pytorch
    deps:
    - path: work_dirs/test/X_L_5.npy
      md5: d5466e068045aaf166f2388e3e63be6e
      size: 6128
    - path: work_dirs/test/cycle_5.pth
      md5: 229b47091f96aac2a231abbfb385973b
      size: 164713557
    outs:
    - path: work_dirs/test/X_L_6.npy
      md5: 124b1ea14312f30bc8bc3d2129a01f5f
      size: 6528
    - path: work_dirs/test/X_U_6.npy
      md5: 927d2255480c7fab2917e8c65d02cf4d
      size: 6528
  active_learning_training@6:
    cmd: python -m torch.distributed.launch --nproc_per_node=2 --master_port=39025
      cycle_train.py configs/MIAOD-GRAY.py --work_directory work_dirs/test --cycle
      6 --labeled work_dirs/test/X_L_6.npy --unselected work_dirs/test/X_U_6.npy --model
      work_dirs/test/cycle_6.pth --gpus 2 --launcher pytorch
    deps:
    - path: work_dirs/test/X_L_6.npy
      md5: 124b1ea14312f30bc8bc3d2129a01f5f
      size: 6528
    - path: work_dirs/test/X_U_6.npy
      md5: 927d2255480c7fab2917e8c65d02cf4d
      size: 6528
    outs:
    - path: work_dirs/test/cycle_6.pth
      md5: 88bbbe2e1c4836d83b18c44684ff651a
      size: 164713557
  active_learning_selection@6:
    cmd: python -m torch.distributed.launch --nproc_per_node=2 --master_port=39016  cycle_select.py
      configs/MIAOD-GRAY.py --work_directory work_dirs/test --cycle 6 --model work_dirs/test/cycle_6.pth
      --labeled work_dirs/test/X_L_6.npy --labeled_next work_dirs/test/X_L_7.npy --unselected
      work_dirs/test/X_U_7.npy --bbox_output work_dirs/test/labeling_hints_7.txt --gpus
      2 --launcher pytorch
    deps:
    - path: work_dirs/test/X_L_6.npy
      md5: 124b1ea14312f30bc8bc3d2129a01f5f
      size: 6528
    - path: work_dirs/test/cycle_6.pth
      md5: 88bbbe2e1c4836d83b18c44684ff651a
      size: 164713557
    outs:
    - path: work_dirs/test/X_L_7.npy
      md5: a9bfda66c44a17401e9252238c24e600
      size: 6928
    - path: work_dirs/test/X_U_7.npy
      md5: 7c3077417305006e86f28f985e7676ae
      size: 6928
  active_learning_training@7:
    cmd: python -m torch.distributed.launch --nproc_per_node=2 --master_port=39025
      cycle_train.py configs/MIAOD-GRAY.py --work_directory work_dirs/test --cycle
      7 --labeled work_dirs/test/X_L_7.npy --unselected work_dirs/test/X_U_7.npy --model
      work_dirs/test/cycle_7.pth --gpus 2 --launcher pytorch
    deps:
    - path: work_dirs/test/X_L_7.npy
      md5: a9bfda66c44a17401e9252238c24e600
      size: 6928
    - path: work_dirs/test/X_U_7.npy
      md5: 7c3077417305006e86f28f985e7676ae
      size: 6928
    outs:
    - path: work_dirs/test/cycle_7.pth
      md5: 3738eeb0962e528837ea22de07ef0c5d
      size: 164713557
  active_learning_selection@7:
    cmd: python -m torch.distributed.launch --nproc_per_node=2 --master_port=39016  cycle_select.py
      configs/MIAOD-GRAY.py --work_directory work_dirs/test --cycle 7 --model work_dirs/test/cycle_7.pth
      --labeled work_dirs/test/X_L_7.npy --labeled_next work_dirs/test/X_L_8.npy --unselected
      work_dirs/test/X_U_8.npy --bbox_output work_dirs/test/labeling_hints_8.txt --gpus
      2 --launcher pytorch
    deps:
    - path: work_dirs/test/X_L_7.npy
      md5: a9bfda66c44a17401e9252238c24e600
      size: 6928
    - path: work_dirs/test/cycle_7.pth
      md5: 3738eeb0962e528837ea22de07ef0c5d
      size: 164713557
    outs:
    - path: work_dirs/test/X_L_8.npy
      md5: 79ec48afc57e2122d4a8c6a8b83a20b0
      size: 7328
    - path: work_dirs/test/X_U_8.npy
      md5: f851da05c1e5f28e8bc806f3edb97dbd
      size: 7328
